
Microsoft Visual Studio Solution File, Format Version 11.00
# Visual Studio 2010
Project("{FAE04EC0-301F-11D3-BF4B-00C04F79EFBC}") = "WebPortfolio2", "WebPortfolio2.csproj", "{32D25316-AB3A-4E15-946E-4F1D8F4CF0EA}"
EndProject
Global
	GlobalSection(SolutionConfigurationPlatforms) = preSolution
		Debug|Any CPU = Debug|Any CPU
		Release|Any CPU = Release|Any CPU
	EndGlobalSection
	GlobalSection(ProjectConfigurationPlatforms) = postSolution
		{32D25316-AB3A-4E15-946E-4F1D8F4CF0EA}.Debug|Any CPU.ActiveCfg = Debug|Any CPU
		{32D25316-AB3A-4E15-946E-4F1D8F4CF0EA}.Debug|Any CPU.Build.0 = Debug|Any CPU
		{32D25316-AB3A-4E15-946E-4F1D8F4CF0EA}.Release|Any CPU.ActiveCfg = Release|Any CPU
		{32D25316-AB3A-4E15-946E-4F1D8F4CF0EA}.Release|Any CPU.Build.0 = Release|Any CPU
	EndGlobalSection
	GlobalSection(MonoDevelopProperties) = preSolution
		StartupItem = WebPortfolio2.csproj
	EndGlobalSection
EndGlobal
